// !$*UTF8*$!
{
	archiveVersion = 1;
	classes = {
	};
	objectVersion = 46;
	objects = {

/* Begin PBXBuildFile section */
		040903701E09101500277EA3 /* AppDelegate.swift in Sources */ = {isa = PBXBuildFile; fileRef = 0409036F1E09101500277EA3 /* AppDelegate.swift */; };
		040903721E09101500277EA3 /* ViewController.swift in Sources */ = {isa = PBXBuildFile; fileRef = 040903711E09101500277EA3 /* ViewController.swift */; };
		040903751E09101500277EA3 /* Main.storyboard in Resources */ = {isa = PBXBuildFile; fileRef = 040903731E09101500277EA3 /* Main.storyboard */; };
		040903771E09101500277EA3 /* Assets.xcassets in Resources */ = {isa = PBXBuildFile; fileRef = 040903761E09101500277EA3 /* Assets.xcassets */; };
		0409037A1E09101500277EA3 /* LaunchScreen.storyboard in Resources */ = {isa = PBXBuildFile; fileRef = 040903781E09101500277EA3 /* LaunchScreen.storyboard */; };
		040903821E09239D00277EA3 /* QRcodeViewController.swift in Sources */ = {isa = PBXBuildFile; fileRef = 040903811E09239D00277EA3 /* QRcodeViewController.swift */; };
		040903841E09262A00277EA3 /* StatusViewController.swift in Sources */ = {isa = PBXBuildFile; fileRef = 040903831E09262A00277EA3 /* StatusViewController.swift */; };
		39DA3C9C1C40C841EDD9EAD7 /* Pods_StationQRcodeScanner.framework in Frameworks */ = {isa = PBXBuildFile; fileRef = 1599FD47097F6B49E522D4E9 /* Pods_StationQRcodeScanner.framework */; };
/* End PBXBuildFile section */

/* Begin PBXFileReference section */
		0409036C1E09101500277EA3 /* StationQRcodeScanner.app */ = {isa = PBXFileReference; explicitFileType = wrapper.application; includeInIndex = 0; path = StationQRcodeScanner.app; sourceTree = BUILT_PRODUCTS_DIR; };
		0409036F1E09101500277EA3 /* AppDelegate.swift */ = {isa = PBXFileReference; lastKnownFileType = sourcecode.swift; path = AppDelegate.swift; sourceTree = "<group>"; };
		040903711E09101500277EA3 /* ViewController.swift */ = {isa = PBXFileReference; lastKnownFileType = sourcecode.swift; path = ViewController.swift; sourceTree = "<group>"; };
		040903741E09101500277EA3 /* Base */ = {isa = PBXFileReference; lastKnownFileType = file.storyboard; name = Base; path = Base.lproj/Main.storyboard; sourceTree = "<group>"; };
		040903761E09101500277EA3 /* Assets.xcassets */ = {isa = PBXFileReference; lastKnownFileType = folder.assetcatalog; path = Assets.xcassets; sourceTree = "<group>"; };
		040903791E09101500277EA3 /* Base */ = {isa = PBXFileReference; lastKnownFileType = file.storyboard; name = Base; path = Base.lproj/LaunchScreen.storyboard; sourceTree = "<group>"; };
		0409037B1E09101600277EA3 /* Info.plist */ = {isa = PBXFileReference; lastKnownFileType = text.plist.xml; path = Info.plist; sourceTree = "<group>"; };
		040903811E09239D00277EA3 /* QRcodeViewController.swift */ = {isa = PBXFileReference; fileEncoding = 4; lastKnownFileType = sourcecode.swift; path = QRcodeViewController.swift; sourceTree = "<group>"; };
		040903831E09262A00277EA3 /* StatusViewController.swift */ = {isa = PBXFileReference; fileEncoding = 4; lastKnownFileType = sourcecode.swift; path = StatusViewController.swift; sourceTree = "<group>"; };
		1599FD47097F6B49E522D4E9 /* Pods_StationQRcodeScanner.framework */ = {isa = PBXFileReference; explicitFileType = wrapper.framework; includeInIndex = 0; path = Pods_StationQRcodeScanner.framework; sourceTree = BUILT_PRODUCTS_DIR; };
		B4817FB12A75195CDF2EB344 /* Pods-StationQRcodeScanner.release.xcconfig */ = {isa = PBXFileReference; includeInIndex = 1; lastKnownFileType = text.xcconfig; name = "Pods-StationQRcodeScanner.release.xcconfig"; path = "Pods/Target Support Files/Pods-StationQRcodeScanner/Pods-StationQRcodeScanner.release.xcconfig"; sourceTree = "<group>"; };
		F52E517F0EF10E0C478A6140 /* Pods-StationQRcodeScanner.debug.xcconfig */ = {isa = PBXFileReference; includeInIndex = 1; lastKnownFileType = text.xcconfig; name = "Pods-StationQRcodeScanner.debug.xcconfig"; path = "Pods/Target Support Files/Pods-StationQRcodeScanner/Pods-StationQRcodeScanner.debug.xcconfig"; sourceTree = "<group>"; };
/* End PBXFileReference section */

/* Begin PBXFrameworksBuildPhase section */
		040903691E09101500277EA3 /* Frameworks */ = {
			isa = PBXFrameworksBuildPhase;
			buildActionMask = 2147483647;
			files = (
				39DA3C9C1C40C841EDD9EAD7 /* Pods_StationQRcodeScanner.framework in Frameworks */,
			);
			runOnlyForDeploymentPostprocessing = 0;
		};
/* End PBXFrameworksBuildPhase section */

/* Begin PBXGroup section */
		040903631E09101500277EA3 = {
			isa = PBXGroup;
			children = (
				0409036E1E09101500277EA3 /* StationQRcodeScanner */,
				0409036D1E09101500277EA3 /* Products */,
				ACE959423CB8AA07B8950511 /* Pods */,
				74C76A7DC39C6300EF54E7F1 /* Frameworks */,
			);
			sourceTree = "<group>";
		};
		0409036D1E09101500277EA3 /* Products */ = {
			isa = PBXGroup;
			children = (
				0409036C1E09101500277EA3 /* StationQRcodeScanner.app */,
			);
			name = Products;
			sourceTree = "<group>";
		};
		0409036E1E09101500277EA3 /* StationQRcodeScanner */ = {
			isa = PBXGroup;
			children = (
				0409036F1E09101500277EA3 /* AppDelegate.swift */,
				040903711E09101500277EA3 /* ViewController.swift */,
				040903731E09101500277EA3 /* Main.storyboard */,
				040903761E09101500277EA3 /* Assets.xcassets */,
				040903781E09101500277EA3 /* LaunchScreen.storyboard */,
				0409037B1E09101600277EA3 /* Info.plist */,
				040903811E09239D00277EA3 /* QRcodeViewController.swift */,
				040903831E09262A00277EA3 /* StatusViewController.swift */,
				046D85081E0EA68600BF8243 /* WaitingPageViewController.swift */,
			);
			path = StationQRcodeScanner;
			sourceTree = "<group>";
		};
		74C76A7DC39C6300EF54E7F1 /* Frameworks */ = {
			isa = PBXGroup;
			children = (
				1599FD47097F6B49E522D4E9 /* Pods_StationQRcodeScanner.framework */,
			);
			name = Frameworks;
			sourceTree = "<group>";
		};
		ACE959423CB8AA07B8950511 /* Pods */ = {
			isa = PBXGroup;
			children = (
				F52E517F0EF10E0C478A6140 /* Pods-StationQRcodeScanner.debug.xcconfig */,
				B4817FB12A75195CDF2EB344 /* Pods-StationQRcodeScanner.release.xcconfig */,
			);
			name = Pods;
			sourceTree = "<group>";
		};
/* End PBXGroup section */

/* Begin PBXNativeTarget section */
		0409036B1E09101500277EA3 /* StationQRcodeScanner */ = {
			isa = PBXNativeTarget;
			buildConfigurationList = 0409037E1E09101600277EA3 /* Build configuration list for PBXNativeTarget "StationQRcodeScanner" */;
			buildPhases = (
				CA99363F7BE980821E4578CF /* [CP] Check Pods Manifest.lock */,
				040903681E09101500277EA3 /* Sources */,
				040903691E09101500277EA3 /* Frameworks */,
				0409036A1E09101500277EA3 /* Resources */,
				66CF17AB5AAD1F20CB8BDA12 /* [CP] Embed Pods Frameworks */,
				A615F2CA3DB7215705B09D92 /* [CP] Copy Pods Resources */,
			);
			buildRules = (
			);
			dependencies = (
			);
			name = StationQRcodeScanner;
			productName = StationQRcodeScanner;
			productReference = 0409036C1E09101500277EA3 /* StationQRcodeScanner.app */;
			productType = "com.apple.product-type.application";
		};
/* End PBXNativeTarget section */

/* Begin PBXProject section */
		040903641E09101500277EA3 /* Project object */ = {
			isa = PBXProject;
			attributes = {
				LastSwiftUpdateCheck = 0820;
				LastUpgradeCheck = 0820;
				ORGANIZATIONNAME = VictorBasic;
				TargetAttributes = {
					0409036B1E09101500277EA3 = {
						CreatedOnToolsVersion = 8.2;
						DevelopmentTeam = 8H7X36TF25;
						ProvisioningStyle = Automatic;
					};
				};
			};
			buildConfigurationList = 040903671E09101500277EA3 /* Build configuration list for PBXProject "StationQRcodeScanner" */;
			compatibilityVersion = "Xcode 3.2";
			developmentRegion = English;
			hasScannedForEncodings = 0;
			knownRegions = (
				en,
				Base,
			);
			mainGroup = 040903631E09101500277EA3;
			productRefGroup = 0409036D1E09101500277EA3 /* Products */;
			projectDirPath = "";
			projectRoot = "";
			targets = (
				0409036B1E09101500277EA3 /* StationQRcodeScanner */,
			);
		};
/* End PBXProject section */

/* Begin PBXResourcesBuildPhase section */
		0409036A1E09101500277EA3 /* Resources */ = {
			isa = PBXResourcesBuildPhase;
			buildActionMask = 2147483647;
			files = (
				0409037A1E09101500277EA3 /* LaunchScreen.storyboard in Resources */,
				040903771E09101500277EA3 /* Assets.xcassets in Resources */,
				040903751E09101500277EA3 /* Main.storyboard in Resources */,
			);
			runOnlyForDeploymentPostprocessing = 0;
		};
/* End PBXResourcesBuildPhase section */

/* Begin PBXShellScriptBuildPhase section */
		66CF17AB5AAD1F20CB8BDA12 /* [CP] Embed Pods Frameworks */ = {
			isa = PBXShellScriptBuildPhase;
			buildActionMask = 2147483647;
			files = (
			);
			inputPaths = (
			);
			name = "[CP] Embed Pods Frameworks";
			outputPaths = (
			);
			runOnlyForDeploymentPostprocessing = 0;
			shellPath = /bin/sh;
			shellScript = "\"${SRCROOT}/Pods/Target Support Files/Pods-StationQRcodeScanner/Pods-StationQRcodeScanner-frameworks.sh\"\n";
			showEnvVarsInLog = 0;
		};
		A615F2CA3DB7215705B09D92 /* [CP] Copy Pods Resources */ = {
			isa = PBXShellScriptBuildPhase;
			buildActionMask = 2147483647;
			files = (
			);
			inputPaths = (
			);
			name = "[CP] Copy Pods Resources";
			outputPaths = (
			);
			runOnlyForDeploymentPostprocessing = 0;
			shellPath = /bin/sh;
			shellScript = "\"${SRCROOT}/Pods/Target Support Files/Pods-StationQRcodeScanner/Pods-StationQRcodeScanner-resources.sh\"\n";
			showEnvVarsInLog = 0;
		};
		CA99363F7BE980821E4578CF /* [CP] Check Pods Manifest.lock */ = {
			isa = PBXShellScriptBuildPhase;
			buildActionMask = 2147483647;
			files = (
			);
			inputPaths = (
			);
			name = "[CP] Check Pods Manifest.lock";
			outputPaths = (
			);
			runOnlyForDeploymentPostprocessing = 0;
			shellPath = /bin/sh;
			shellScript = "diff \"${PODS_ROOT}/../Podfile.lock\" \"${PODS_ROOT}/Manifest.lock\" > /dev/null\nif [ $? != 0 ] ; then\n    # print error to STDERR\n    echo \"error: The sandbox is not in sync with the Podfile.lock. Run 'pod install' or update your CocoaPods installation.\" >&2\n    exit 1\nfi\n";
			showEnvVarsInLog = 0;
		};
/* End PBXShellScriptBuildPhase section */

/* Begin PBXSourcesBuildPhase section */
		040903681E09101500277EA3 /* Sources */ = {
			isa = PBXSourcesBuildPhase;
			buildActionMask = 2147483647;
			files = (
				040903841E09262A00277EA3 /* StatusViewController.swift in Sources */,
				040903721E09101500277EA3 /* ViewController.swift in Sources */,
				040903701E09101500277EA3 /* AppDelegate.swift in Sources */,
				040903821E09239D00277EA3 /* QRcodeViewController.swift in Sources */,
			);
			runOnlyForDeploymentPostprocessing = 0;
		};
/* End PBXSourcesBuildPhase section */

/* Begin PBXVariantGroup section */
		040903731E09101500277EA3 /* Main.storyboard */ = {
			isa = PBXVariantGroup;
			children = (
				040903741E09101500277EA3 /* Base */,
			);
			name = Main.storyboard;
			sourceTree = "<group>";
		};
		040903781E09101500277EA3 /* LaunchScreen.storyboard */ = {
			isa = PBXVariantGroup;
			children = (
				040903791E09101500277EA3 /* Base */,
			);
			name = LaunchScreen.storyboard;
			sourceTree = "<group>";
		};
/* End PBXVariantGroup section */

/* Begin XCBuildConfiguration section */
		0409037C1E09101600277EA3 /* Debug */ = {
			isa = XCBuildConfiguration;
			buildSettings = {
				ALWAYS_SEARCH_USER_PATHS = NO;
				CLANG_ANALYZER_NONNULL = YES;
				CLANG_CXX_LANGUAGE_STANDARD = "gnu++0x";
				CLANG_CXX_LIBRARY = "libc++";
				CLANG_ENABLE_MODULES = YES;
				CLANG_ENABLE_OBJC_ARC = YES;
				CLANG_WARN_BOOL_CONVERSION = YES;
				CLANG_WARN_CONSTANT_CONVERSION = YES;
				CLANG_WARN_DIRECT_OBJC_ISA_USAGE = YES_ERROR;
				CLANG_WARN_DOCUMENTATION_COMMENTS = YES;
				CLANG_WARN_EMPTY_BODY = YES;
				CLANG_WARN_ENUM_CONVERSION = YES;
				CLANG_WARN_INFINITE_RECURSION = YES;
				CLANG_WARN_INT_CONVERSION = YES;
				CLANG_WARN_OBJC_ROOT_CLASS = YES_ERROR;
				CLANG_WARN_SUSPICIOUS_MOVE = YES;
				CLANG_WARN_UNREACHABLE_CODE = YES;
				CLANG_WARN__DUPLICATE_METHOD_MATCH = YES;
				"CODE_SIGN_IDENTITY[sdk=iphoneos*]" = "iPhone Developer";
				COPY_PHASE_STRIP = NO;
				DEBUG_INFORMATION_FORMAT = dwarf;
				ENABLE_STRICT_OBJC_MSGSEND = YES;
				ENABLE_TESTABILITY = YES;
				GCC_C_LANGUAGE_STANDARD = gnu99;
				GCC_DYNAMIC_NO_PIC = NO;
				GCC_NO_COMMON_BLOCKS = YES;
				GCC_OPTIMIZATION_LEVEL = 0;
				GCC_PREPROCESSOR_DEFINITIONS = (
					"DEBUG=1",
					"$(inherited)",
				);
				GCC_WARN_64_TO_32_BIT_CONVERSION = YES;
				GCC_WARN_ABOUT_RETURN_TYPE = YES_ERROR;
				GCC_WARN_UNDECLARED_SELECTOR = YES;
				GCC_WARN_UNINITIALIZED_AUTOS = YES_AGGRESSIVE;
				GCC_WARN_UNUSED_FUNCTION = YES;
				GCC_WARN_UNUSED_VARIABLE = YES;
				IPHONEOS_DEPLOYMENT_TARGET = 10.2;
				MTL_ENABLE_DEBUG_INFO = YES;
				ONLY_ACTIVE_ARCH = YES;
				SDKROOT = iphoneos;
				SWIFT_ACTIVE_COMPILATION_CONDITIONS = DEBUG;
				SWIFT_OPTIMIZATION_LEVEL = "-Onone";
				TARGETED_DEVICE_FAMILY = "1,2";
			};
			name = Debug;
		};
		0409037D1E09101600277EA3 /* Release */ = {
			isa = XCBuildConfiguration;
			buildSettings = {
				ALWAYS_SEARCH_USER_PATHS = NO;
				CLANG_ANALYZER_NONNULL = YES;
				CLANG_CXX_LANGUAGE_STANDARD = "gnu++0x";
				CLANG_CXX_LIBRARY = "libc++";
				CLANG_ENABLE_MODULES = YES;
				CLANG_ENABLE_OBJC_ARC = YES;
				CLANG_WARN_BOOL_CONVERSION = YES;
				CLANG_WARN_CONSTANT_CONVERSION = YES;
				CLANG_WARN_DIRECT_OBJC_ISA_USAGE = YES_ERROR;
				CLANG_WARN_DOCUMENTATION_COMMENTS = YES;
				CLANG_WARN_EMPTY_BODY = YES;
				CLANG_WARN_ENUM_CONVERSION = YES;
				CLANG_WARN_INFINITE_RECURSION = YES;
				CLANG_WARN_INT_CONVERSION = YES;
				CLANG_WARN_OBJC_ROOT_CLASS = YES_ERROR;
				CLANG_WARN_SUSPICIOUS_MOVE = YES;
				CLANG_WARN_UNREACHABLE_CODE = YES;
				CLANG_WARN__DUPLICATE_METHOD_MATCH = YES;
				"CODE_SIGN_IDENTITY[sdk=iphoneos*]" = "iPhone Developer";
				COPY_PHASE_STRIP = NO;
				DEBUG_INFORMATION_FORMAT = "dwarf-with-dsym";
				ENABLE_NS_ASSERTIONS = NO;
				ENABLE_STRICT_OBJC_MSGSEND = YES;
				GCC_C_LANGUAGE_STANDARD = gnu99;
				GCC_NO_COMMON_BLOCKS = YES;
				GCC_WARN_64_TO_32_BIT_CONVERSION = YES;
				GCC_WARN_ABOUT_RETURN_TYPE = YES_ERROR;
				GCC_WARN_UNDECLARED_SELECTOR = YES;
				GCC_WARN_UNINITIALIZED_AUTOS = YES_AGGRESSIVE;
				GCC_WARN_UNUSED_FUNCTION = YES;
				GCC_WARN_UNUSED_VARIABLE = YES;
				IPHONEOS_DEPLOYMENT_TARGET = 10.2;
				MTL_ENABLE_DEBUG_INFO = NO;
				SDKROOT = iphoneos;
				SWIFT_OPTIMIZATION_LEVEL = "-Owholemodule";
				TARGETED_DEVICE_FAMILY = "1,2";
				VALIDATE_PRODUCT = YES;
			};
			name = Release;
		};
		0409037F1E09101600277EA3 /* Debug */ = {
			isa = XCBuildConfiguration;
			baseConfigurationReference = F52E517F0EF10E0C478A6140 /* Pods-StationQRcodeScanner.debug.xcconfig */;
			buildSettings = {
				ASSETCATALOG_COMPILER_APPICON_NAME = AppIcon;
				"CODE_SIGN_IDENTITY[sdk=iphoneos*]" = "iPhone Developer";
				DEVELOPMENT_TEAM = 8H7X36TF25;
				INFOPLIST_FILE = StationQRcodeScanner/Info.plist;
				IPHONEOS_DEPLOYMENT_TARGET = 9.0;
				LD_RUNPATH_SEARCH_PATHS = "$(inherited) @executable_path/Frameworks";
				PRODUCT_BUNDLE_IDENTIFIER = com.Victor.StationQRcodeScanner;
				PRODUCT_NAME = "$(TARGET_NAME)";
				PROVISIONING_PROFILE = "";
				PROVISIONING_PROFILE_SPECIFIER = "";
				SWIFT_VERSION = 3.0;
			};
			name = Debug;
		};
		040903801E09101600277EA3 /* Release */ = {
			isa = XCBuildConfiguration;
			baseConfigurationReference = B4817FB12A75195CDF2EB344 /* Pods-StationQRcodeScanner.release.xcconfig */;
			buildSettings = {
				ASSETCATALOG_COMPILER_APPICON_NAME = AppIcon;
				"CODE_SIGN_IDENTITY[sdk=iphoneos*]" = "iPhone Developer";
				DEVELOPMENT_TEAM = 8H7X36TF25;
				INFOPLIST_FILE = StationQRcodeScanner/Info.plist;
				IPHONEOS_DEPLOYMENT_TARGET = 9.0;
				LD_RUNPATH_SEARCH_PATHS = "$(inherited) @executable_path/Frameworks";
				PRODUCT_BUNDLE_IDENTIFIER = com.Victor.StationQRcodeScanner;
				PRODUCT_NAME = "$(TARGET_NAME)";
				PROVISIONING_PROFILE = "";
				PROVISIONING_PROFILE_SPECIFIER = "";
				SWIFT_VERSION = 3.0;
			};
			name = Release;
		};
/* End XCBuildConfiguration section */

/* Begin XCConfigurationList section */
		040903671E09101500277EA3 /* Build configuration list for PBXProject "StationQRcodeScanner" */ = {
			isa = XCConfigurationList;
			buildConfigurations = (
				0409037C1E09101600277EA3 /* Debug */,
				0409037D1E09101600277EA3 /* Release */,
			);
			defaultConfigurationIsVisible = 0;
			defaultConfigurationName = Release;
		};
		0409037E1E09101600277EA3 /* Build configuration list for PBXNativeTarget "StationQRcodeScanner" */ = {
			isa = XCConfigurationList;
			buildConfigurations = (
				0409037F1E09101600277EA3 /* Debug */,
				040903801E09101600277EA3 /* Release */,
			);
			defaultConfigurationIsVisible = 0;
			defaultConfigurationName = Release;
		};
/* End XCConfigurationList section */
	};
	rootObject = 040903641E09101500277EA3 /* Project object */;
}
